
Microsoft Visual Studio Solution File, Format Version 12.00
# Visual Studio Version 17
VisualStudioVersion = 17.2.32526.322
MinimumVisualStudioVersion = 10.0.40219.1
Project("{FAE04EC0-301F-11D3-BF4B-00C04F79EFBC}") = "WPFbeadandomunka", "WPFbeadandomunka.csproj", "{BA9EB7B8-70CE-4D93-815D-C8F991279DFE}"
EndProject
Global
	GlobalSection(SolutionConfigurationPlatforms) = preSolution
		Debug|Any CPU = Debug|Any CPU
		Release|Any CPU = Release|Any CPU
	EndGlobalSection
	GlobalSection(ProjectConfigurationPlatforms) = postSolution
		{BA9EB7B8-70CE-4D93-815D-C8F991279DFE}.Debug|Any CPU.ActiveCfg = Debug|Any CPU
		{BA9EB7B8-70CE-4D93-815D-C8F991279DFE}.Debug|Any CPU.Build.0 = Debug|Any CPU
		{BA9EB7B8-70CE-4D93-815D-C8F991279DFE}.Release|Any CPU.ActiveCfg = Release|Any CPU
		{BA9EB7B8-70CE-4D93-815D-C8F991279DFE}.Release|Any CPU.Build.0 = Release|Any CPU
	EndGlobalSection
	GlobalSection(SolutionProperties) = preSolution
		HideSolutionNode = FALSE
	EndGlobalSection
	GlobalSection(ExtensibilityGlobals) = postSolution
		SolutionGuid = {E9E80926-7AE4-410E-86D4-F142BA3F50F5}
	EndGlobalSection
EndGlobal
